{
  "name": "gubbled",
  "version": "1.0.0",
  "lockfileVersion": 1,
  "requires": true,
  "dependencies": {
    "@polymer/app-layout": {
      "version": "3.0.0-pre.12",
      "resolved": "https://registry.npmjs.org/@polymer/app-layout/-/app-layout-3.0.0-pre.12.tgz",
      "integrity": "sha512-7CIwcse7gXp33WKchW8tqjxhqBL2hZmE/kfQhafA4d7P6iRfDmXAV0JLrh4QFriKQMQnxZp7NG4ZsFE0JQqPJg==",
      "requires": {
        "@polymer/iron-flex-layout": "3.0.0-pre.12",
        "@polymer/iron-media-query": "3.0.0-pre.12",
        "@polymer/iron-resizable-behavior": "3.0.0-pre.12",
        "@polymer/iron-scroll-target-behavior": "3.0.0-pre.12",
        "@polymer/polymer": "3.0.0-pre.12"
      }
    },
    "@polymer/app-route": {
      "version": "3.0.0-pre.12",
      "resolved": "https://registry.npmjs.org/@polymer/app-route/-/app-route-3.0.0-pre.12.tgz",
      "integrity": "sha512-b6ze/U0KGoWCWp1v9ndQYOJKUOQmKYmYoRwoGbTcL9iC/+lzTiKAYPvyQGCL03BE/wI0Yt9b58yTvBzunFbiJA==",
      "requires": {
        "@polymer/iron-location": "3.0.0-pre.12",
        "@polymer/polymer": "3.0.0-pre.12"
      }
    },
    "@polymer/app-storage": {
      "version": "3.0.0-pre.12",
      "resolved": "https://registry.npmjs.org/@polymer/app-storage/-/app-storage-3.0.0-pre.12.tgz",
      "integrity": "sha512-mX3K+p4RFj3X1MorOioCbs2rY5hPG1CHxnhFc4W8lUM2B3uKsBSubUTZjSPpfVRyVm75DRgQLMJ1r8DRq8gt2Q==",
      "requires": {
        "@polymer/polymer": "3.0.0-pre.12"
      }
    },
    "@polymer/font-roboto": {
      "version": "3.0.0-pre.12",
      "resolved": "https://registry.npmjs.org/@polymer/font-roboto/-/font-roboto-3.0.0-pre.12.tgz",
      "integrity": "sha512-D4inM9qe6YgtWLcB3yd7K4yuUjXfc1HqkoTUaLoatMYNFhVfZu60bOvvDEa0jdPFXEq1QmqKjzEJZ6qaX6vHqA=="
    },
    "@polymer/iron-a11y-announcer": {
      "version": "3.0.0-pre.12",
      "resolved": "https://registry.npmjs.org/@polymer/iron-a11y-announcer/-/iron-a11y-announcer-3.0.0-pre.12.tgz",
      "integrity": "sha512-s/ZU02aYqkvNhZ8vCN2GJvk6KZYYLB38pFaoP3y005FddOiLb+TlXUDGpGhfO6iDo9D8zO5jn+o92jJtJ9Gg6g==",
      "requires": {
        "@polymer/polymer": "3.0.0-pre.12"
      }
    },
    "@polymer/iron-a11y-keys-behavior": {
      "version": "3.0.0-pre.12",
      "resolved": "https://registry.npmjs.org/@polymer/iron-a11y-keys-behavior/-/iron-a11y-keys-behavior-3.0.0-pre.12.tgz",
      "integrity": "sha512-QLnvWTDYlObHeWvflWFDlSaEljZopYT8/D3XCaWtN6cSgsdnHe6uoV+W95YgAP+w9KM13vZZEpa4zJjmlAYrFA==",
      "requires": {
        "@polymer/polymer": "3.0.0-pre.12"
      }
    },
    "@polymer/iron-ajax": {
      "version": "3.0.0-pre.12",
      "resolved": "https://registry.npmjs.org/@polymer/iron-ajax/-/iron-ajax-3.0.0-pre.12.tgz",
      "integrity": "sha512-lUZrNm2pJthanU2DifTfeve27n2DoioVu+sR07j2TVEyhOB2n9Wom2HaXSNd/7gvWjDqZi54OJFEjxaH/mmraA==",
      "requires": {
        "@polymer/polymer": "3.0.0-pre.12"
      }
    },
    "@polymer/iron-autogrow-textarea": {
      "version": "3.0.0-pre.12",
      "resolved": "https://registry.npmjs.org/@polymer/iron-autogrow-textarea/-/iron-autogrow-textarea-3.0.0-pre.12.tgz",
      "integrity": "sha512-zEbbXsPLfn8VLdMgN/7VJqKMzCHhAcisx49Ek/etU4bEYc8w5R+zwn38hShVAkRQfpIfYNPmiK1ThHI9jFwZ9Q==",
      "requires": {
        "@polymer/iron-behaviors": "3.0.0-pre.12",
        "@polymer/iron-flex-layout": "3.0.0-pre.12",
        "@polymer/iron-validatable-behavior": "3.0.0-pre.12",
        "@polymer/polymer": "3.0.0-pre.12"
      }
    },
    "@polymer/iron-behaviors": {
      "version": "3.0.0-pre.12",
      "resolved": "https://registry.npmjs.org/@polymer/iron-behaviors/-/iron-behaviors-3.0.0-pre.12.tgz",
      "integrity": "sha512-ros9dbO52jmV+henJxEXvoOx1tzX6i70aIOTgI92ebInPmyvtx5WeX1QXzUUMnUi4hKYLFZWqubgVQ4Hyu+pGw==",
      "requires": {
        "@polymer/iron-a11y-keys-behavior": "3.0.0-pre.12",
        "@polymer/polymer": "3.0.0-pre.12"
      }
    },
    "@polymer/iron-checked-element-behavior": {
      "version": "3.0.0-pre.12",
      "resolved": "https://registry.npmjs.org/@polymer/iron-checked-element-behavior/-/iron-checked-element-behavior-3.0.0-pre.12.tgz",
      "integrity": "sha512-pCzvDOxEBybdMbtKIaAxcE/jBU+BISsVc552i9EOMqtBBPap5CFgtg1s9IC4jhEN+1Hw8xY3rQcHu1b7BFV9ow==",
      "requires": {
        "@polymer/iron-form-element-behavior": "3.0.0-pre.12",
        "@polymer/iron-validatable-behavior": "3.0.0-pre.12",
        "@polymer/polymer": "3.0.0-pre.12"
      }
    },
    "@polymer/iron-collapse": {
      "version": "3.0.0-pre.12",
      "resolved": "https://registry.npmjs.org/@polymer/iron-collapse/-/iron-collapse-3.0.0-pre.12.tgz",
      "integrity": "sha512-np/iwuy+XFGWzs3+azdMCbgfBSKFTeqSTy5gB55g2QNbS3eqXr9smhNFbsSXU7UyhtfhiGlQlL0z14hpqgaLQQ==",
      "requires": {
        "@polymer/iron-resizable-behavior": "3.0.0-pre.12",
        "@polymer/polymer": "3.0.0-pre.12"
      }
    },
    "@polymer/iron-dropdown": {
      "version": "3.0.0-pre.12",
      "resolved": "https://registry.npmjs.org/@polymer/iron-dropdown/-/iron-dropdown-3.0.0-pre.12.tgz",
      "integrity": "sha512-m/BnwbmbDgyQ9RuTTd8fxGYW5Y0AZnoupeORabCdiP4ajAeHR75IonFr6VgbA40f6Ly2UDDDwQpRODqEpNRDCg==",
      "requires": {
        "@polymer/iron-behaviors": "3.0.0-pre.12",
        "@polymer/iron-overlay-behavior": "3.0.0-pre.12",
        "@polymer/neon-animation": "3.0.0-pre.12",
        "@polymer/polymer": "3.0.0-pre.12"
      }
    },
    "@polymer/iron-fit-behavior": {
      "version": "3.0.0-pre.12",
      "resolved": "https://registry.npmjs.org/@polymer/iron-fit-behavior/-/iron-fit-behavior-3.0.0-pre.12.tgz",
      "integrity": "sha512-b0ln6rPpC7/bRjHp1aPIaCGuJr4Q4b67AxYV6FaoSMCR9RrlQTvJfvMkrcygrDCpm0DH0e7nL6IJHRmHBTrK9w==",
      "requires": {
        "@polymer/polymer": "3.0.0-pre.12"
      }
    },
    "@polymer/iron-flex-layout": {
      "version": "3.0.0-pre.12",
      "resolved": "https://registry.npmjs.org/@polymer/iron-flex-layout/-/iron-flex-layout-3.0.0-pre.12.tgz",
      "integrity": "sha512-JvctZ1K5TeRsoGMxVB1yBZYEWONQvyCdcmaoCB6gOJ9R5eq5ebAg2JPNSITAp9CTL2i08Af4tQER3AXzaKyi3A==",
      "requires": {
        "@polymer/polymer": "3.0.0-pre.12"
      }
    },
    "@polymer/iron-form": {
      "version": "3.0.0-pre.12",
      "resolved": "https://registry.npmjs.org/@polymer/iron-form/-/iron-form-3.0.0-pre.12.tgz",
      "integrity": "sha512-aQ6ETED4GV8SrgDh7KjkZtpeqAactOtWpHaRhFCKr02KnvWj/Xx5mFh3U4kyAZfsWZPcKRbmszuoeqEZNCIE0A==",
      "requires": {
        "@polymer/iron-ajax": "3.0.0-pre.12",
        "@polymer/polymer": "3.0.0-pre.12"
      }
    },
    "@polymer/iron-form-element-behavior": {
      "version": "3.0.0-pre.12",
      "resolved": "https://registry.npmjs.org/@polymer/iron-form-element-behavior/-/iron-form-element-behavior-3.0.0-pre.12.tgz",
      "integrity": "sha512-i3gAVSq4TbQyGqhHo7HLbzkZ3E1+ua1+U3vUSdVTs3R+qgAXqlIgUDuEintB42X49IvumEy/qWxxxvqL9oZhYw==",
      "requires": {
        "@polymer/polymer": "3.0.0-pre.12"
      }
    },
    "@polymer/iron-icon": {
      "version": "3.0.0-pre.12",
      "resolved": "https://registry.npmjs.org/@polymer/iron-icon/-/iron-icon-3.0.0-pre.12.tgz",
      "integrity": "sha512-S5I324FBMh8/MPBDVtfHS8FVKszhqhhdDjB0QsJ9dBooB5aZKwGyHMXgHW9dcnu+PjM7nP5532u4tpFdBw9TWg==",
      "requires": {
        "@polymer/iron-flex-layout": "3.0.0-pre.12",
        "@polymer/iron-meta": "3.0.0-pre.12",
        "@polymer/polymer": "3.0.0-pre.12"
      }
    },
    "@polymer/iron-icons": {
      "version": "3.0.0-pre.12",
      "resolved": "https://registry.npmjs.org/@polymer/iron-icons/-/iron-icons-3.0.0-pre.12.tgz",
      "integrity": "sha512-NaB1C8bNcll2yMZRuWf+xdLnUTbcUgUP2zjEaRHRHmB3vHxt95Cknbe2xy0s08Mb+1CNeadDEkEgdurf3YnMnA==",
      "requires": {
        "@polymer/iron-icon": "3.0.0-pre.12",
        "@polymer/iron-iconset-svg": "3.0.0-pre.12",
        "@polymer/polymer": "3.0.0-pre.12"
      }
    },
    "@polymer/iron-iconset-svg": {
      "version": "3.0.0-pre.12",
      "resolved": "https://registry.npmjs.org/@polymer/iron-iconset-svg/-/iron-iconset-svg-3.0.0-pre.12.tgz",
      "integrity": "sha512-FAUZjNZrMo6hsRoDoZeAj/kjygUDdv3XbgzoG93yKWxkIhkER2GxmIuYt+5fxx1ZSkB+BCqKnlqk+raGpJ9n6w==",
      "requires": {
        "@polymer/iron-meta": "3.0.0-pre.12",
        "@polymer/polymer": "3.0.0-pre.12"
      }
    },
    "@polymer/iron-image": {
      "version": "3.0.0-pre.12",
      "resolved": "https://registry.npmjs.org/@polymer/iron-image/-/iron-image-3.0.0-pre.12.tgz",
      "integrity": "sha512-+damRWjeMWKYxY8KfAzLVpkI42yCLAYkPElncvhwXHqVUw1Cmz3CI4eW+iRmrN0NnBvqlnzsuFxg7KGKvKzAKQ==",
      "requires": {
        "@polymer/polymer": "3.0.0-pre.12"
      }
    },
    "@polymer/iron-input": {
      "version": "3.0.0-pre.12",
      "resolved": "https://registry.npmjs.org/@polymer/iron-input/-/iron-input-3.0.0-pre.12.tgz",
      "integrity": "sha512-UkgUaB4225yQ0L+IYfHrf9DkpRDW5rfs8fI8t4XKmIHzWNLT7ZlpXXX0RewUYdkaUgLTcySG9VCUVRRAt88G0A==",
      "requires": {
        "@polymer/iron-a11y-announcer": "3.0.0-pre.12",
        "@polymer/iron-validatable-behavior": "3.0.0-pre.12",
        "@polymer/polymer": "3.0.0-pre.12"
      }
    },
    "@polymer/iron-list": {
      "version": "3.0.0-pre.12",
      "resolved": "https://registry.npmjs.org/@polymer/iron-list/-/iron-list-3.0.0-pre.12.tgz",
      "integrity": "sha512-ryymx/trFw1oQzic4JnuSdvSV2tkU76UVUM4ii4DHGRn33FwR2kEh/3Pr0E48+eyheCfkvPaQ+Ib1t/RFWeU8w==",
      "requires": {
        "@polymer/iron-a11y-keys-behavior": "3.0.0-pre.12",
        "@polymer/iron-resizable-behavior": "3.0.0-pre.12",
        "@polymer/iron-scroll-target-behavior": "3.0.0-pre.12",
        "@polymer/polymer": "3.0.0-pre.12"
      }
    },
    "@polymer/iron-localstorage": {
      "version": "3.0.0-pre.12",
      "resolved": "https://registry.npmjs.org/@polymer/iron-localstorage/-/iron-localstorage-3.0.0-pre.12.tgz",
      "integrity": "sha512-zHxxF4j5yTz387I/LWTmPicdK8r+uVwHHoJNoB+UpF4CyO7dH7+a/PxJ2DRX5tSysinreTClYZmobG2cnpb6jA==",
      "requires": {
        "@polymer/polymer": "3.0.0-pre.12"
      }
    },
    "@polymer/iron-location": {
      "version": "3.0.0-pre.12",
      "resolved": "https://registry.npmjs.org/@polymer/iron-location/-/iron-location-3.0.0-pre.12.tgz",
      "integrity": "sha512-DovMCY4bF8YayceGS8fQ2lXC2RXG7KD9F3SUhL7llCiwL3Q4m1G2wCfm/m/q0SLYajZfR/zAAYVvvYJRrsKcKg==",
      "requires": {
        "@polymer/polymer": "3.0.0-pre.12"
      }
    },
    "@polymer/iron-media-query": {
      "version": "3.0.0-pre.12",
      "resolved": "https://registry.npmjs.org/@polymer/iron-media-query/-/iron-media-query-3.0.0-pre.12.tgz",
      "integrity": "sha512-6Ei0NXrKI01wObWez0fTwBvMcC5nqD0uNKQKOOug9ufPKyCwUNIHM0OUrjShfkbMwoJXPL2jU3KHokuHZXLrMg==",
      "requires": {
        "@polymer/polymer": "3.0.0-pre.12"
      }
    },
    "@polymer/iron-menu-behavior": {
      "version": "3.0.0-pre.12",
      "resolved": "https://registry.npmjs.org/@polymer/iron-menu-behavior/-/iron-menu-behavior-3.0.0-pre.12.tgz",
      "integrity": "sha512-/l14Gw9BGNfePwKzZ6DUzn8/CWiCGeXT5omMF/CFJ7MV+xoiX/NSEKclMhBvtG3s5emFa63JgO/pmMiRj53/NQ==",
      "requires": {
        "@polymer/iron-a11y-keys-behavior": "3.0.0-pre.12",
        "@polymer/iron-flex-layout": "3.0.0-pre.12",
        "@polymer/iron-selector": "3.0.0-pre.12",
        "@polymer/polymer": "3.0.0-pre.12"
      }
    },
    "@polymer/iron-meta": {
      "version": "3.0.0-pre.12",
      "resolved": "https://registry.npmjs.org/@polymer/iron-meta/-/iron-meta-3.0.0-pre.12.tgz",
      "integrity": "sha512-Yi+Xiu0OlxTiAxWx+X9DuI35dTRm2/lHQqWplubZSGHW+ANuItOTxOLlTm175kq5HY7V8JQtiugko0xaJ60V4A==",
      "requires": {
        "@polymer/polymer": "3.0.0-pre.12"
      }
    },
    "@polymer/iron-overlay-behavior": {
      "version": "3.0.0-pre.12",
      "resolved": "https://registry.npmjs.org/@polymer/iron-overlay-behavior/-/iron-overlay-behavior-3.0.0-pre.12.tgz",
      "integrity": "sha512-qvpCckvzjYszSI9i235Ft+kLIxpRTWLsrhdBtnEycvwk6qtYhQDH+314409n40xoyT6zp8dmUXpuwMetNgr+sA==",
      "requires": {
        "@polymer/iron-a11y-keys-behavior": "3.0.0-pre.12",
        "@polymer/iron-fit-behavior": "3.0.0-pre.12",
        "@polymer/iron-resizable-behavior": "3.0.0-pre.12",
        "@polymer/polymer": "3.0.0-pre.12"
      }
    },
    "@polymer/iron-pages": {
      "version": "3.0.0-pre.12",
      "resolved": "https://registry.npmjs.org/@polymer/iron-pages/-/iron-pages-3.0.0-pre.12.tgz",
      "integrity": "sha512-U5tjcXfbAp3rN8aMkj8Aab6uxj77fkQh0jmSquf2BBcmT2UWtxLIaRBKbNElIMjZaOVuA035uLHdLE1V/N0MIA==",
      "requires": {
        "@polymer/iron-resizable-behavior": "3.0.0-pre.12",
        "@polymer/iron-selector": "3.0.0-pre.12",
        "@polymer/polymer": "3.0.0-pre.12"
      }
    },
    "@polymer/iron-range-behavior": {
      "version": "3.0.0-pre.12",
      "resolved": "https://registry.npmjs.org/@polymer/iron-range-behavior/-/iron-range-behavior-3.0.0-pre.12.tgz",
      "integrity": "sha512-Am27ybpxhXolgyPPykwS2hK/5O5TQW5C1EPIOepTPs1YIO1tpxd9S4m0BWX/Qu3F8shkAwXUAWB8qEIee4dPLg==",
      "requires": {
        "@polymer/polymer": "3.0.0-pre.12"
      }
    },
    "@polymer/iron-resizable-behavior": {
      "version": "3.0.0-pre.12",
      "resolved": "https://registry.npmjs.org/@polymer/iron-resizable-behavior/-/iron-resizable-behavior-3.0.0-pre.12.tgz",
      "integrity": "sha512-ppZGXh//MVkWedjQtgOzBHiuoyTcKggnnMjVHxFsGdIu5kz9LVqB8uqYbN91yhjtLLUAkSIAo1DLhXpoK2x27w==",
      "requires": {
        "@polymer/polymer": "3.0.0-pre.12"
      }
    },
    "@polymer/iron-scroll-target-behavior": {
      "version": "3.0.0-pre.12",
      "resolved": "https://registry.npmjs.org/@polymer/iron-scroll-target-behavior/-/iron-scroll-target-behavior-3.0.0-pre.12.tgz",
      "integrity": "sha512-M+m/myMkARPxvCVj8CcLYIDaTBUEuZr5+3mTTRFY1N2pf8bt7mjEJ6lUpPAfe89+abSHXJMEXf1VjsVSXwDFSg==",
      "requires": {
        "@polymer/polymer": "3.0.0-pre.12"
      }
    },
    "@polymer/iron-selector": {
      "version": "3.0.0-pre.12",
      "resolved": "https://registry.npmjs.org/@polymer/iron-selector/-/iron-selector-3.0.0-pre.12.tgz",
      "integrity": "sha512-3kHXr1gzawyuqIkASk6K7nTF4VdAubd8p3c6D/Ae7fcPhhjE2dEENyrvqezWSCLLOp17qSseOl0XRo/9R09DgA==",
      "requires": {
        "@polymer/polymer": "3.0.0-pre.12"
      }
    },
    "@polymer/iron-validatable-behavior": {
      "version": "3.0.0-pre.12",
      "resolved": "https://registry.npmjs.org/@polymer/iron-validatable-behavior/-/iron-validatable-behavior-3.0.0-pre.12.tgz",
      "integrity": "sha512-80Zblp9n+2nepymuOMJcdmf0F5uxYrbRQdbt2eDStmXjlqcbxgTrdmHY93Pb2n1mwcvjHXU3ex3W4TtVaeX6Rg==",
      "requires": {
        "@polymer/iron-meta": "3.0.0-pre.12",
        "@polymer/polymer": "3.0.0-pre.12"
      }
    },
    "@polymer/neon-animation": {
      "version": "3.0.0-pre.12",
      "resolved": "https://registry.npmjs.org/@polymer/neon-animation/-/neon-animation-3.0.0-pre.12.tgz",
      "integrity": "sha512-24lqtSepkFkS/0ys6Q7V2ehPD+/A6H+yM3gUSa7PsYWVIXYRj0dwvdXAWaLJHKK+xZeW2YbwQ3SX8LYJRsVO3w==",
      "requires": {
        "@polymer/iron-resizable-behavior": "3.0.0-pre.12",
        "@polymer/iron-selector": "3.0.0-pre.12",
        "@polymer/polymer": "3.0.0-pre.12"
      }
    },
    "@polymer/paper-badge": {
      "version": "3.0.0-pre.12",
      "resolved": "https://registry.npmjs.org/@polymer/paper-badge/-/paper-badge-3.0.0-pre.12.tgz",
      "integrity": "sha512-h4mwc+oOfbxLdB4YAtF4K7KkqC43CFVBXDRmLvlIbMU1oTZ9NZGwr2EnU/VIygoMAnBdqXRmfNfNpbWrdNzg/g==",
      "requires": {
        "@polymer/iron-flex-layout": "3.0.0-pre.12",
        "@polymer/iron-icon": "3.0.0-pre.12",
        "@polymer/iron-resizable-behavior": "3.0.0-pre.12",
        "@polymer/paper-styles": "3.0.0-pre.12",
        "@polymer/polymer": "3.0.0-pre.12"
      }
    },
    "@polymer/paper-behaviors": {
      "version": "3.0.0-pre.12",
      "resolved": "https://registry.npmjs.org/@polymer/paper-behaviors/-/paper-behaviors-3.0.0-pre.12.tgz",
      "integrity": "sha512-S1YRAwg7B+8P/ju4w8Fk1CMU9DMI/Hv5/MceN/10IX5znGnYqXZrOEHfUiYAM+P5RivsOn4UJdG7wyxAnrCzkg==",
      "requires": {
        "@polymer/iron-behaviors": "3.0.0-pre.12",
        "@polymer/iron-checked-element-behavior": "3.0.0-pre.12",
        "@polymer/paper-ripple": "3.0.0-pre.12",
        "@polymer/polymer": "3.0.0-pre.12"
      }
    },
    "@polymer/paper-button": {
      "version": "3.0.0-pre.12",
      "resolved": "https://registry.npmjs.org/@polymer/paper-button/-/paper-button-3.0.0-pre.12.tgz",
      "integrity": "sha512-Bm5Gz1ixxO2TWgfTK8rLrZen7p4WR0XxZEQTQjerkUvxwrxFGSNGut8T+uvZsx6NYKK2Mz0b7ybxMTXoFo4jTA==",
      "requires": {
        "@polymer/iron-flex-layout": "3.0.0-pre.12",
        "@polymer/paper-behaviors": "3.0.0-pre.12",
        "@polymer/paper-styles": "3.0.0-pre.12",
        "@polymer/polymer": "3.0.0-pre.12"
      }
    },
    "@polymer/paper-card": {
      "version": "3.0.0-pre.12",
      "resolved": "https://registry.npmjs.org/@polymer/paper-card/-/paper-card-3.0.0-pre.12.tgz",
      "integrity": "sha512-Mf2A6UgaLWOvqu7euZABujUzxpz2ibl8b1YLU6TbxUTTmdtoGgcFyA50JvWmdKGzGZDvlub8epSc8eKLYu0hOg==",
      "requires": {
        "@polymer/iron-flex-layout": "3.0.0-pre.12",
        "@polymer/iron-image": "3.0.0-pre.12",
        "@polymer/paper-styles": "3.0.0-pre.12",
        "@polymer/polymer": "3.0.0-pre.12"
      }
    },
    "@polymer/paper-checkbox": {
      "version": "3.0.0-pre.12",
      "resolved": "https://registry.npmjs.org/@polymer/paper-checkbox/-/paper-checkbox-3.0.0-pre.12.tgz",
      "integrity": "sha512-onywqPhCXAIHpqtHX3+C4CP5+7UNyo6KweB16iOujBJ1SQUkRrrcdAUsm+ZXb2DrHegFYh01qDZem2Mn975nhw==",
      "requires": {
        "@polymer/iron-a11y-keys-behavior": "3.0.0-pre.12",
        "@polymer/iron-checked-element-behavior": "3.0.0-pre.12",
        "@polymer/paper-behaviors": "3.0.0-pre.12",
        "@polymer/paper-ripple": "3.0.0-pre.12",
        "@polymer/paper-styles": "3.0.0-pre.12",
        "@polymer/polymer": "3.0.0-pre.12"
      }
    },
    "@polymer/paper-dialog": {
      "version": "3.0.0-pre.12",
      "resolved": "https://registry.npmjs.org/@polymer/paper-dialog/-/paper-dialog-3.0.0-pre.12.tgz",
      "integrity": "sha512-iZa6+oavh3QrToWh0tV76oNC0HAkpyeeNdStPl8SDAmQ7HYzXwW6Ro+hQzT3HvN0+sTqueDF1CUWstOHngrNnQ==",
      "requires": {
        "@polymer/iron-overlay-behavior": "3.0.0-pre.12",
        "@polymer/neon-animation": "3.0.0-pre.12",
        "@polymer/paper-dialog-behavior": "3.0.0-pre.12",
        "@polymer/polymer": "3.0.0-pre.12"
      }
    },
    "@polymer/paper-dialog-behavior": {
      "version": "3.0.0-pre.12",
      "resolved": "https://registry.npmjs.org/@polymer/paper-dialog-behavior/-/paper-dialog-behavior-3.0.0-pre.12.tgz",
      "integrity": "sha512-7Gvx/TxKpU9vEoCc339hUVGZoCbvuUGxZfdBCTNkMdxC8TvH/lSHMninQWTCLKozLSxHCOYJQHChA4DoMDFHpA==",
      "requires": {
        "@polymer/iron-overlay-behavior": "3.0.0-pre.12",
        "@polymer/paper-styles": "3.0.0-pre.12",
        "@polymer/polymer": "3.0.0-pre.12"
      }
    },
    "@polymer/paper-dialog-scrollable": {
      "version": "3.0.0-pre.12",
      "resolved": "https://registry.npmjs.org/@polymer/paper-dialog-scrollable/-/paper-dialog-scrollable-3.0.0-pre.12.tgz",
      "integrity": "sha512-b/DLCj7qfk/zzIH4UI1poCbYdn3eBhFYGzk33lhRQ+YFePbdKkYiiZr2KV0yFOTHmc1lTsTfRLnfqLr3AanwJA==",
      "requires": {
        "@polymer/iron-flex-layout": "3.0.0-pre.12",
        "@polymer/paper-dialog-behavior": "3.0.0-pre.12",
        "@polymer/paper-styles": "3.0.0-pre.12",
        "@polymer/polymer": "3.0.0-pre.12"
      }
    },
    "@polymer/paper-dropdown-menu": {
      "version": "3.0.0-pre.12",
      "resolved": "https://registry.npmjs.org/@polymer/paper-dropdown-menu/-/paper-dropdown-menu-3.0.0-pre.12.tgz",
      "integrity": "sha512-SRwegwGH52HIfs0eCHxlDJYK+9rKIOZshksYjMqUAVqwGCvh/pmMvTtTaQFsVC9zUNzje15OFzN0PG04NaRQVQ==",
      "requires": {
        "@polymer/iron-a11y-keys-behavior": "3.0.0-pre.12",
        "@polymer/iron-form-element-behavior": "3.0.0-pre.12",
        "@polymer/iron-icon": "3.0.0-pre.12",
        "@polymer/iron-iconset-svg": "3.0.0-pre.12",
        "@polymer/iron-validatable-behavior": "3.0.0-pre.12",
        "@polymer/paper-behaviors": "3.0.0-pre.12",
        "@polymer/paper-input": "3.0.0-pre.12",
        "@polymer/paper-menu-button": "3.0.0-pre.12",
        "@polymer/paper-ripple": "3.0.0-pre.12",
        "@polymer/paper-styles": "3.0.0-pre.12",
        "@polymer/polymer": "3.0.0-pre.12"
      }
    },
    "@polymer/paper-fab": {
      "version": "3.0.0-pre.12",
      "resolved": "https://registry.npmjs.org/@polymer/paper-fab/-/paper-fab-3.0.0-pre.12.tgz",
      "integrity": "sha512-4USAQY3UVLKTTB+6SPLgwqgd6NFP6yNIamPSNGNWrAHhz400BSrUGI3QJ0+8jfmzfiTeLEf16Vg9+vUk7HQ9IA==",
      "requires": {
        "@polymer/iron-flex-layout": "3.0.0-pre.12",
        "@polymer/iron-icon": "3.0.0-pre.12",
        "@polymer/paper-behaviors": "3.0.0-pre.12",
        "@polymer/paper-styles": "3.0.0-pre.12",
        "@polymer/polymer": "3.0.0-pre.12"
      }
    },
    "@polymer/paper-icon-button": {
      "version": "3.0.0-pre.12",
      "resolved": "https://registry.npmjs.org/@polymer/paper-icon-button/-/paper-icon-button-3.0.0-pre.12.tgz",
      "integrity": "sha512-+s0CO5Ctkb9SOZ+t8m4WeCUImtjHvvz58howHgxqW2nfKTBbDXz3pT1zOA7ngFxTvWOpfPUjRGE4uaapG1e0Xw==",
      "requires": {
        "@polymer/iron-icon": "3.0.0-pre.12",
        "@polymer/paper-behaviors": "3.0.0-pre.12",
        "@polymer/paper-styles": "3.0.0-pre.12",
        "@polymer/polymer": "3.0.0-pre.12"
      }
    },
    "@polymer/paper-input": {
      "version": "3.0.0-pre.12",
      "resolved": "https://registry.npmjs.org/@polymer/paper-input/-/paper-input-3.0.0-pre.12.tgz",
      "integrity": "sha512-WP3ETBoPG1LX2PoJ3TpSiFLLe9QD+R/MEn8cnhnUq3Bb68Du7h0alljvwHA4VU3kEf8qjdA0lThH0MsumQB9Jg==",
      "requires": {
        "@polymer/iron-a11y-keys-behavior": "3.0.0-pre.12",
        "@polymer/iron-autogrow-textarea": "3.0.0-pre.12",
        "@polymer/iron-behaviors": "3.0.0-pre.12",
        "@polymer/iron-form-element-behavior": "3.0.0-pre.12",
        "@polymer/iron-input": "3.0.0-pre.12",
        "@polymer/paper-styles": "3.0.0-pre.12",
        "@polymer/polymer": "3.0.0-pre.12"
      }
    },
    "@polymer/paper-item": {
      "version": "3.0.0-pre.12",
      "resolved": "https://registry.npmjs.org/@polymer/paper-item/-/paper-item-3.0.0-pre.12.tgz",
      "integrity": "sha512-rhT7NrmJNEsLHMhu0eQHtbdPJ1GYQjWntdEb1Vq4Efn8Ak1IREI8vFOXmxSA6HRkNEZRfwtlgDP12JNluW/OzQ==",
      "requires": {
        "@polymer/iron-behaviors": "3.0.0-pre.12",
        "@polymer/iron-flex-layout": "3.0.0-pre.12",
        "@polymer/paper-styles": "3.0.0-pre.12",
        "@polymer/polymer": "3.0.0-pre.12"
      }
    },
    "@polymer/paper-listbox": {
      "version": "3.0.0-pre.12",
      "resolved": "https://registry.npmjs.org/@polymer/paper-listbox/-/paper-listbox-3.0.0-pre.12.tgz",
      "integrity": "sha512-88fjQoxtvug3Av3fmJO8R19QX/FKWenCwsdhAKKOhgs7kVtJpBiSQ2AJ1RAqW1/xx3tS5ZkssLFYUGBE3McwNA==",
      "requires": {
        "@polymer/iron-behaviors": "3.0.0-pre.12",
        "@polymer/iron-menu-behavior": "3.0.0-pre.12",
        "@polymer/paper-styles": "3.0.0-pre.12",
        "@polymer/polymer": "3.0.0-pre.12"
      }
    },
    "@polymer/paper-menu-button": {
      "version": "3.0.0-pre.12",
      "resolved": "https://registry.npmjs.org/@polymer/paper-menu-button/-/paper-menu-button-3.0.0-pre.12.tgz",
      "integrity": "sha512-dlYWYEx28mGcxRCw/KSmD8pms+XldsbtibERgSvUKs2D+wW6djur/cyXnbXkVwf6YL2KLQKXWg61xQXetRLLhg==",
      "requires": {
        "@polymer/iron-a11y-keys-behavior": "3.0.0-pre.12",
        "@polymer/iron-behaviors": "3.0.0-pre.12",
        "@polymer/iron-dropdown": "3.0.0-pre.12",
        "@polymer/iron-fit-behavior": "3.0.0-pre.12",
        "@polymer/neon-animation": "3.0.0-pre.12",
        "@polymer/paper-styles": "3.0.0-pre.12",
        "@polymer/polymer": "3.0.0-pre.12"
      }
    },
    "@polymer/paper-progress": {
      "version": "3.0.0-pre.12",
      "resolved": "https://registry.npmjs.org/@polymer/paper-progress/-/paper-progress-3.0.0-pre.12.tgz",
      "integrity": "sha512-vfmHhCd7s49SGJJ7jK3wYgdiXlXqGTRoFu99CacFqu810282GckWGJsJW2rCajMrDI7PUnvGqTJBFQD1nLLV6A==",
      "requires": {
        "@polymer/iron-flex-layout": "3.0.0-pre.12",
        "@polymer/iron-range-behavior": "3.0.0-pre.12",
        "@polymer/paper-styles": "3.0.0-pre.12",
        "@polymer/polymer": "3.0.0-pre.12"
      }
    },
    "@polymer/paper-radio-button": {
      "version": "3.0.0-pre.12",
      "resolved": "https://registry.npmjs.org/@polymer/paper-radio-button/-/paper-radio-button-3.0.0-pre.12.tgz",
      "integrity": "sha512-fqq8z5ja6u46fR2UZzcziwcvzKNC5YHG+TUO9tt4DkOOQBtEGc9aaDZ4u7XP1MtElZuDrHq9mi9hoipluWwD0g==",
      "requires": {
        "@polymer/iron-checked-element-behavior": "3.0.0-pre.12",
        "@polymer/iron-flex-layout": "3.0.0-pre.12",
        "@polymer/paper-behaviors": "3.0.0-pre.12",
        "@polymer/paper-styles": "3.0.0-pre.12",
        "@polymer/polymer": "3.0.0-pre.12"
      }
    },
    "@polymer/paper-radio-group": {
      "version": "3.0.0-pre.12",
      "resolved": "https://registry.npmjs.org/@polymer/paper-radio-group/-/paper-radio-group-3.0.0-pre.12.tgz",
      "integrity": "sha512-O+yjiaU2bG3GTMyQg1a6ehgQGX1o6d5gvrMq56O8Y1De1PK60AorzqmrnmpOX7/vNE33t67NxkdE45f/P8+CBA==",
      "requires": {
        "@polymer/iron-a11y-keys-behavior": "3.0.0-pre.12",
        "@polymer/iron-menu-behavior": "3.0.0-pre.12",
        "@polymer/paper-radio-button": "3.0.0-pre.12",
        "@polymer/polymer": "3.0.0-pre.12"
      }
    },
    "@polymer/paper-ripple": {
      "version": "3.0.0-pre.12",
      "resolved": "https://registry.npmjs.org/@polymer/paper-ripple/-/paper-ripple-3.0.0-pre.12.tgz",
      "integrity": "sha512-BNyqzLK7eqy6gzXJOr3PGc/5RcSNBouYXIgwiwmiFHWgTc1C8JJnPwE7EuiCfV6WyDY8byFyD10E4jBKHAUwOg==",
      "requires": {
        "@polymer/iron-a11y-keys-behavior": "3.0.0-pre.12",
        "@polymer/polymer": "3.0.0-pre.12"
      }
    },
    "@polymer/paper-slider": {
      "version": "3.0.0-pre.12",
      "resolved": "https://registry.npmjs.org/@polymer/paper-slider/-/paper-slider-3.0.0-pre.12.tgz",
      "integrity": "sha512-Kv3dYAG6WV0lu2wzgLYNZ5t18dCYZNhrbatzpxMQ/XDDu0Dc72A2cndKjsFQduvGnlrInJ0NelWCn2Kc3x8/Hw==",
      "requires": {
        "@polymer/iron-a11y-keys-behavior": "3.0.0-pre.12",
        "@polymer/iron-behaviors": "3.0.0-pre.12",
        "@polymer/iron-flex-layout": "3.0.0-pre.12",
        "@polymer/iron-form-element-behavior": "3.0.0-pre.12",
        "@polymer/paper-behaviors": "3.0.0-pre.12",
        "@polymer/paper-input": "3.0.0-pre.12",
        "@polymer/paper-progress": "3.0.0-pre.12",
        "@polymer/paper-styles": "3.0.0-pre.12",
        "@polymer/polymer": "3.0.0-pre.12"
      }
    },
    "@polymer/paper-spinner": {
      "version": "3.0.0-pre.12",
      "resolved": "https://registry.npmjs.org/@polymer/paper-spinner/-/paper-spinner-3.0.0-pre.12.tgz",
      "integrity": "sha512-Mss0u6S5z4+UOZwXSfqcNuV0hvljeGiDujAE5TFO6y2WMFGlj2DM3kZwtnOPgdLq1z/OX/0vgL1/f6QqY4+KEA==",
      "requires": {
        "@polymer/paper-styles": "3.0.0-pre.12",
        "@polymer/polymer": "3.0.0-pre.12"
      }
    },
    "@polymer/paper-styles": {
      "version": "3.0.0-pre.12",
      "resolved": "https://registry.npmjs.org/@polymer/paper-styles/-/paper-styles-3.0.0-pre.12.tgz",
      "integrity": "sha512-mZEu5Rgel1vz3m1wz2XEgNN7pHx0yXvrmSspkD8JlPooy3ewNY0VyVHV/kcIcfQxaKQ8I8b59unOQPV48OqCLA==",
      "requires": {
        "@polymer/font-roboto": "3.0.0-pre.12",
        "@polymer/iron-flex-layout": "3.0.0-pre.12",
        "@polymer/polymer": "3.0.0-pre.12"
      }
    },
    "@polymer/paper-swatch-picker": {
      "version": "3.0.0-pre.12",
      "resolved": "https://registry.npmjs.org/@polymer/paper-swatch-picker/-/paper-swatch-picker-3.0.0-pre.12.tgz",
      "integrity": "sha512-MS6oX9sbarSP8GtPFH6JR9ONdCWPPjLw/8RJfF/YKnlVQjqbMSYccm5bnRGEBjqMda/8KbUZ0nlz/e023VcOXA==",
      "requires": {
        "@polymer/iron-flex-layout": "3.0.0-pre.12",
        "@polymer/iron-iconset-svg": "3.0.0-pre.12",
        "@polymer/paper-icon-button": "3.0.0-pre.12",
        "@polymer/paper-item": "3.0.0-pre.12",
        "@polymer/paper-listbox": "3.0.0-pre.12",
        "@polymer/paper-menu-button": "3.0.0-pre.12",
        "@polymer/polymer": "3.0.0-pre.12"
      }
    },
    "@polymer/paper-tabs": {
      "version": "3.0.0-pre.12",
      "resolved": "https://registry.npmjs.org/@polymer/paper-tabs/-/paper-tabs-3.0.0-pre.12.tgz",
      "integrity": "sha512-MTFBH/dhS8SjPe0jtG53uu6Yscmg3M/hv2ctLCD1t4Z/8hv8cL4C5AnfsOETumR9Q/LZLt6kTMMWz54MKh7o0Q==",
      "requires": {
        "@polymer/iron-behaviors": "3.0.0-pre.12",
        "@polymer/iron-flex-layout": "3.0.0-pre.12",
        "@polymer/iron-icon": "3.0.0-pre.12",
        "@polymer/iron-iconset-svg": "3.0.0-pre.12",
        "@polymer/iron-menu-behavior": "3.0.0-pre.12",
        "@polymer/iron-resizable-behavior": "3.0.0-pre.12",
        "@polymer/paper-behaviors": "3.0.0-pre.12",
        "@polymer/paper-icon-button": "3.0.0-pre.12",
        "@polymer/paper-styles": "3.0.0-pre.12",
        "@polymer/polymer": "3.0.0-pre.12"
      }
    },
    "@polymer/paper-toggle-button": {
      "version": "3.0.0-pre.12",
      "resolved": "https://registry.npmjs.org/@polymer/paper-toggle-button/-/paper-toggle-button-3.0.0-pre.12.tgz",
      "integrity": "sha512-ZxPxFMwh6o2WJZKrN07Ao8oaz+cXrmc2hrrjsEhLINryZcum5dpPhXF/QIAVnp+UohkLOBInMvnDTMzJ0kk31A==",
      "requires": {
        "@polymer/iron-checked-element-behavior": "3.0.0-pre.12",
        "@polymer/paper-behaviors": "3.0.0-pre.12",
        "@polymer/paper-styles": "3.0.0-pre.12",
        "@polymer/polymer": "3.0.0-pre.12"
      }
    },
    "@polymer/paper-toolbar": {
      "version": "3.0.0-pre.12",
      "resolved": "https://registry.npmjs.org/@polymer/paper-toolbar/-/paper-toolbar-3.0.0-pre.12.tgz",
      "integrity": "sha512-a6t1A5SJTrk+jpsKSrsmel+7od6rFn35aQ7D1zAc8cvT4RR2dpVR8pEwmsHk3VoLbuS2N3Xz2N+qjkkzrDI56A==",
      "requires": {
        "@polymer/iron-flex-layout": "3.0.0-pre.12",
        "@polymer/paper-styles": "3.0.0-pre.12",
        "@polymer/polymer": "3.0.0-pre.12"
      }
    },
    "@polymer/paper-tooltip": {
      "version": "3.0.0-pre.12",
      "resolved": "https://registry.npmjs.org/@polymer/paper-tooltip/-/paper-tooltip-3.0.0-pre.12.tgz",
      "integrity": "sha512-jxDtlG/pfh7czoVXazd2c/jeWefbv2DmNXK7v/KgsT13tuomuCtBnukmF7U6t4PALivTsn/0EmvUgLASMxQE4g==",
      "requires": {
        "@polymer/paper-styles": "3.0.0-pre.12",
        "@polymer/polymer": "3.0.0-pre.12"
      }
    },
    "@polymer/platinum-sw": {
      "version": "3.0.0-pre.12",
      "resolved": "https://registry.npmjs.org/@polymer/platinum-sw/-/platinum-sw-3.0.0-pre.12.tgz",
      "integrity": "sha512-9Kmo/Bly9ruOkzZmrrpoflSmV+pc4Lg6DrcezBiR2nw7i62t5c7hoAwKjvK+Vg8Dq2BhLycdd2L85hRYuQk9Mg==",
      "requires": {
        "@polymer/polymer": "3.0.0-pre.12"
      }
    },
    "@polymer/polymer": {
      "version": "3.0.0-pre.12",
      "resolved": "https://registry.npmjs.org/@polymer/polymer/-/polymer-3.0.0-pre.12.tgz",
      "integrity": "sha512-j3ie9DOtENLMR5pG8iyyrFF62lTnKrQCrMVlvgQF2q4qpUXFck0QUlE6gJJN/Zfi3br69mG5+F3mtwQb61OjOQ==",
      "requires": {
        "@webcomponents/shadycss": "1.1.3",
        "@webcomponents/webcomponentsjs": "1.2.0"
      }
    },
    "@polymer/promise-polyfill": {
      "version": "3.0.0-pre.12",
      "resolved": "https://registry.npmjs.org/@polymer/promise-polyfill/-/promise-polyfill-3.0.0-pre.12.tgz",
      "integrity": "sha512-Wf749akBRWVCiRm01tkKr/C5TIWrbPazb7mLzafBI85nSFWHxdyUKhE+ba/AmbxlvNQRz99qME+WKMEiXyNfaA=="
    },
    "@webcomponents/shadycss": {
      "version": "1.1.3",
      "resolved": "https://registry.npmjs.org/@webcomponents/shadycss/-/shadycss-1.1.3.tgz",
      "integrity": "sha512-tGap6j8LVgy8ORM7pL5Yf6u8tTUH0jJaMmA5St/Ijy9WCNttDnrmZTiEF7fl7QQNerzMnCVQHtO0vuX8kybxfQ=="
    },
    "@webcomponents/webcomponentsjs": {
      "version": "1.2.0",
      "resolved": "https://registry.npmjs.org/@webcomponents/webcomponentsjs/-/webcomponentsjs-1.2.0.tgz",
      "integrity": "sha512-P9JWydfpBR+CK12UwtBaoD/lYF3PR9XBArAWk5J9nfPaJwA3OUox4StZmyFSVDLsvpFq5HsEtxU/OdHAlAWPnw=="
    }
  }
}
